
Microsoft Visual Studio Solution File, Format Version 12.00
# Visual Studio Version 17
VisualStudioVersion = 17.0.32014.148
MinimumVisualStudioVersion = 10.0.40219.1
Project("{FAE04EC0-301F-11D3-BF4B-00C04F79EFBC}") = "BulkyBookWeb", "BulkyBookWeb\BulkyBookWeb.csproj", "{B4BD7907-4601-415B-98F5-DA491BDBEBBF}"
EndProject
Global
	GlobalSection(SolutionConfigurationPlatforms) = preSolution
		Debug|Any CPU = Debug|Any CPU
		Release|Any CPU = Release|Any CPU
	EndGlobalSection
	GlobalSection(ProjectConfigurationPlatforms) = postSolution
		{B4BD7907-4601-415B-98F5-DA491BDBEBBF}.Debug|Any CPU.ActiveCfg = Debug|Any CPU
		{B4BD7907-4601-415B-98F5-DA491BDBEBBF}.Debug|Any CPU.Build.0 = Debug|Any CPU
		{B4BD7907-4601-415B-98F5-DA491BDBEBBF}.Release|Any CPU.ActiveCfg = Release|Any CPU
		{B4BD7907-4601-415B-98F5-DA491BDBEBBF}.Release|Any CPU.Build.0 = Release|Any CPU
	EndGlobalSection
	GlobalSection(SolutionProperties) = preSolution
		HideSolutionNode = FALSE
	EndGlobalSection
	GlobalSection(ExtensibilityGlobals) = postSolution
		SolutionGuid = {A4874C24-CA34-4329-B442-B239E6552E3C}
	EndGlobalSection
EndGlobal
